
Microsoft Visual Studio Solution File, Format Version 11.00
# Visual Studio 2010
Project("{FAE04EC0-301F-11D3-BF4B-00C04F79EFBC}") = "PagedList", "PagedList\PagedList.csproj", "{DA52D7C3-B871-48EC-B009-AC782AD50266}"
EndProject
Project("{FAE04EC0-301F-11D3-BF4B-00C04F79EFBC}") = "PagedList.Tests", "PagedList.Tests\PagedList.Tests.csproj", "{C09C2434-CAF9-4EFB-BF3F-FC59B511C06A}"
EndProject
Global
	GlobalSection(SolutionConfigurationPlatforms) = preSolution
		Debug|Any CPU = Debug|Any CPU
		Release|Any CPU = Release|Any CPU
	EndGlobalSection
	GlobalSection(ProjectConfigurationPlatforms) = postSolution
		{DA52D7C3-B871-48EC-B009-AC782AD50266}.Debug|Any CPU.ActiveCfg = Debug|Any CPU
		{DA52D7C3-B871-48EC-B009-AC782AD50266}.Debug|Any CPU.Build.0 = Debug|Any CPU
		{DA52D7C3-B871-48EC-B009-AC782AD50266}.Release|Any CPU.ActiveCfg = Release|Any CPU
		{DA52D7C3-B871-48EC-B009-AC782AD50266}.Release|Any CPU.Build.0 = Release|Any CPU
		{C09C2434-CAF9-4EFB-BF3F-FC59B511C06A}.Debug|Any CPU.ActiveCfg = Debug|Any CPU
		{C09C2434-CAF9-4EFB-BF3F-FC59B511C06A}.Debug|Any CPU.Build.0 = Debug|Any CPU
		{C09C2434-CAF9-4EFB-BF3F-FC59B511C06A}.Release|Any CPU.ActiveCfg = Release|Any CPU
		{C09C2434-CAF9-4EFB-BF3F-FC59B511C06A}.Release|Any CPU.Build.0 = Release|Any CPU
	EndGlobalSection
	GlobalSection(SolutionProperties) = preSolution
		HideSolutionNode = FALSE
	EndGlobalSection
EndGlobal
