
Microsoft Visual Studio Solution File, Format Version 12.00
# Visual Studio 15
VisualStudioVersion = 15.0.26228.9
MinimumVisualStudioVersion = 10.0.40219.1
Project("{FAE04EC0-301F-11D3-BF4B-00C04F79EFBC}") = "X.PagedList", "X.PagedList\X.PagedList.csproj", "{BEDD4F54-9819-48C0-B4DC-59A1C682F08E}"
EndProject
Project("{FAE04EC0-301F-11D3-BF4B-00C04F79EFBC}") = "X.PagedList.Tests", "X.PagedList.Tests\X.PagedList.Tests.csproj", "{53B022EF-B7E7-455A-BFCC-6FF87D44AC69}"
EndProject
Project("{FAE04EC0-301F-11D3-BF4B-00C04F79EFBC}") = "X.PagedList.Mvc", "X.PagedList.Mvc\X.PagedList.Mvc.csproj", "{1FB9A75F-3C92-446A-BC20-FB28B5E6A723}"
EndProject
Project("{FAE04EC0-301F-11D3-BF4B-00C04F79EFBC}") = "X.PagedList.Mvc.Example", "X.PagedList.Mvc.Example\X.PagedList.Mvc.Example.csproj", "{7DA46F0E-B5DD-4A4C-8B18-645101E1C3B0}"
EndProject
Global
	GlobalSection(SolutionConfigurationPlatforms) = preSolution
		Debug|Any CPU = Debug|Any CPU
		Release|Any CPU = Release|Any CPU
	EndGlobalSection
	GlobalSection(ProjectConfigurationPlatforms) = postSolution
		{BEDD4F54-9819-48C0-B4DC-59A1C682F08E}.Debug|Any CPU.ActiveCfg = Debug|Any CPU
		{BEDD4F54-9819-48C0-B4DC-59A1C682F08E}.Debug|Any CPU.Build.0 = Debug|Any CPU
		{BEDD4F54-9819-48C0-B4DC-59A1C682F08E}.Release|Any CPU.ActiveCfg = Release|Any CPU
		{BEDD4F54-9819-48C0-B4DC-59A1C682F08E}.Release|Any CPU.Build.0 = Release|Any CPU
		{53B022EF-B7E7-455A-BFCC-6FF87D44AC69}.Debug|Any CPU.ActiveCfg = Debug|Any CPU
		{53B022EF-B7E7-455A-BFCC-6FF87D44AC69}.Debug|Any CPU.Build.0 = Debug|Any CPU
		{53B022EF-B7E7-455A-BFCC-6FF87D44AC69}.Release|Any CPU.ActiveCfg = Release|Any CPU
		{53B022EF-B7E7-455A-BFCC-6FF87D44AC69}.Release|Any CPU.Build.0 = Release|Any CPU
		{1FB9A75F-3C92-446A-BC20-FB28B5E6A723}.Debug|Any CPU.ActiveCfg = Debug|Any CPU
		{1FB9A75F-3C92-446A-BC20-FB28B5E6A723}.Debug|Any CPU.Build.0 = Debug|Any CPU
		{1FB9A75F-3C92-446A-BC20-FB28B5E6A723}.Release|Any CPU.ActiveCfg = Release|Any CPU
		{1FB9A75F-3C92-446A-BC20-FB28B5E6A723}.Release|Any CPU.Build.0 = Release|Any CPU
		{7DA46F0E-B5DD-4A4C-8B18-645101E1C3B0}.Debug|Any CPU.ActiveCfg = Debug|Any CPU
		{7DA46F0E-B5DD-4A4C-8B18-645101E1C3B0}.Debug|Any CPU.Build.0 = Debug|Any CPU
		{7DA46F0E-B5DD-4A4C-8B18-645101E1C3B0}.Release|Any CPU.ActiveCfg = Release|Any CPU
		{7DA46F0E-B5DD-4A4C-8B18-645101E1C3B0}.Release|Any CPU.Build.0 = Release|Any CPU
	EndGlobalSection
	GlobalSection(SolutionProperties) = preSolution
		HideSolutionNode = FALSE
	EndGlobalSection
EndGlobal
