
Microsoft Visual Studio Solution File, Format Version 12.00
# Visual Studio 15
VisualStudioVersion = 15.0.26403.7
MinimumVisualStudioVersion = 10.0.40219.1
Project("{FAE04EC0-301F-11D3-BF4B-00C04F79EFBC}") = "X.PagedList.Tests", "X.PagedList.Tests\X.PagedList.Tests.csproj", "{53B022EF-B7E7-455A-BFCC-6FF87D44AC69}"
EndProject
Project("{FAE04EC0-301F-11D3-BF4B-00C04F79EFBC}") = "X.PagedList.Mvc.Example", "X.PagedList.Mvc.Example\X.PagedList.Mvc.Example.csproj", "{7DA46F0E-B5DD-4A4C-8B18-645101E1C3B0}"
EndProject
Project("{9A19103F-16F7-4668-BE54-9A1E7A4F7556}") = "X.PagedList", "X.PagedList\X.PagedList.csproj", "{8EE7B3AC-909F-4CD2-BFCB-25D0064D9504}"
EndProject
Project("{FAE04EC0-301F-11D3-BF4B-00C04F79EFBC}") = "X.PagedList.Mvc", "X.PagedList.Mvc\X.PagedList.Mvc.csproj", "{DD85D2FB-8FF3-427B-9BB1-11D99AB321BB}"
EndProject
Project("{FAE04EC0-301F-11D3-BF4B-00C04F79EFBC}") = "X.PagedList.Mvc.Core", "X.PagedList.Mvc.Core\X.PagedList.Mvc.Core.csproj", "{CAB45FA8-EB81-4796-BE4C-51EEBF024E48}"
EndProject
Global
	GlobalSection(SolutionConfigurationPlatforms) = preSolution
		Debug|Any CPU = Debug|Any CPU
		Release|Any CPU = Release|Any CPU
	EndGlobalSection
	GlobalSection(ProjectConfigurationPlatforms) = postSolution
		{53B022EF-B7E7-455A-BFCC-6FF87D44AC69}.Debug|Any CPU.ActiveCfg = Debug|Any CPU
		{53B022EF-B7E7-455A-BFCC-6FF87D44AC69}.Debug|Any CPU.Build.0 = Debug|Any CPU
		{53B022EF-B7E7-455A-BFCC-6FF87D44AC69}.Release|Any CPU.ActiveCfg = Release|Any CPU
		{53B022EF-B7E7-455A-BFCC-6FF87D44AC69}.Release|Any CPU.Build.0 = Release|Any CPU
		{7DA46F0E-B5DD-4A4C-8B18-645101E1C3B0}.Debug|Any CPU.ActiveCfg = Debug|Any CPU
		{7DA46F0E-B5DD-4A4C-8B18-645101E1C3B0}.Debug|Any CPU.Build.0 = Debug|Any CPU
		{7DA46F0E-B5DD-4A4C-8B18-645101E1C3B0}.Release|Any CPU.ActiveCfg = Release|Any CPU
		{7DA46F0E-B5DD-4A4C-8B18-645101E1C3B0}.Release|Any CPU.Build.0 = Release|Any CPU
		{8EE7B3AC-909F-4CD2-BFCB-25D0064D9504}.Debug|Any CPU.ActiveCfg = Debug|Any CPU
		{8EE7B3AC-909F-4CD2-BFCB-25D0064D9504}.Debug|Any CPU.Build.0 = Debug|Any CPU
		{8EE7B3AC-909F-4CD2-BFCB-25D0064D9504}.Release|Any CPU.ActiveCfg = Release|Any CPU
		{8EE7B3AC-909F-4CD2-BFCB-25D0064D9504}.Release|Any CPU.Build.0 = Release|Any CPU
		{DD85D2FB-8FF3-427B-9BB1-11D99AB321BB}.Debug|Any CPU.ActiveCfg = Debug|Any CPU
		{DD85D2FB-8FF3-427B-9BB1-11D99AB321BB}.Debug|Any CPU.Build.0 = Debug|Any CPU
		{DD85D2FB-8FF3-427B-9BB1-11D99AB321BB}.Release|Any CPU.ActiveCfg = Release|Any CPU
		{DD85D2FB-8FF3-427B-9BB1-11D99AB321BB}.Release|Any CPU.Build.0 = Release|Any CPU
		{CAB45FA8-EB81-4796-BE4C-51EEBF024E48}.Debug|Any CPU.ActiveCfg = Debug|Any CPU
		{CAB45FA8-EB81-4796-BE4C-51EEBF024E48}.Debug|Any CPU.Build.0 = Debug|Any CPU
		{CAB45FA8-EB81-4796-BE4C-51EEBF024E48}.Release|Any CPU.ActiveCfg = Release|Any CPU
		{CAB45FA8-EB81-4796-BE4C-51EEBF024E48}.Release|Any CPU.Build.0 = Release|Any CPU
	EndGlobalSection
	GlobalSection(SolutionProperties) = preSolution
		HideSolutionNode = FALSE
	EndGlobalSection
EndGlobal
